// !$*UTF8*$!
{
	archiveVersion = 1;
	classes = {
	};
	objectVersion = 46;
	objects = {

/* Begin PBXFileReference section */
		B12D4E9F1BCEE96700C41397 /* Main.java */ = {isa = PBXFileReference; fileEncoding = 4; lastKnownFileType = sourcecode.java; path = Main.java; sourceTree = "<group>"; };
/* End PBXFileReference section */

/* Begin PBXGroup section */
		B12D4E941BCEE93700C41397 = {
			isa = PBXGroup;
			children = (
				B1E5C2351BCFEE68002EFACB /* Source Files */,
			);
			sourceTree = "<group>";
		};
		B1E5C2351BCFEE68002EFACB /* Source Files */ = {
			isa = PBXGroup;
			children = (
				B12D4E9F1BCEE96700C41397 /* Main.java */,
			);
			name = "Source Files";
			sourceTree = "<group>";
		};
/* End PBXGroup section */

/* Begin PBXLegacyTarget section */
		B12D4E991BCEE93700C41397 /* Main */ = {
			isa = PBXLegacyTarget;
			buildArgumentsString = "$(ACTION) $(TARGETNAME).java";
			buildConfigurationList = B12D4E9C1BCEE93700C41397 /* Build configuration list for PBXLegacyTarget "Main" */;
			buildPhases = (
			);
			buildToolPath = /usr/bin/javac;
			buildWorkingDirectory = "";
			dependencies = (
			);
			name = Main;
			passBuildSettingsInEnvironment = 1;
			productName = "Java Project";
		};
		B149B6051BCFD18100B51CC5 /* ExportToJar */ = {
			isa = PBXLegacyTarget;
			buildArgumentsString = "cfm $(PROJECT_NAME).jar $(PROJECT_NAME)/Manifest.txt Main.class";
			buildConfigurationList = B149B6061BCFD18100B51CC5 /* Build configuration list for PBXLegacyTarget "ExportToJar" */;
			buildPhases = (
			);
			buildToolPath = jar;
			buildWorkingDirectory = "";
			dependencies = (
			);
			name = ExportToJar;
			passBuildSettingsInEnvironment = 1;
			productName = ExportToJar;
		};
/* End PBXLegacyTarget section */

/* Begin PBXProject section */
		B12D4E951BCEE93700C41397 /* Project object */ = {
			isa = PBXProject;
			attributes = {
				LastUpgradeCheck = 0700;
				ORGANIZATIONNAME = "Hendrik Noeller";
				TargetAttributes = {
					B12D4E991BCEE93700C41397 = {
						CreatedOnToolsVersion = 7.0.1;
					};
					B149B6051BCFD18100B51CC5 = {
						CreatedOnToolsVersion = 7.0.1;
					};
				};
			};
			buildConfigurationList = B12D4E981BCEE93700C41397 /* Build configuration list for PBXProject "Java Project" */;
			compatibilityVersion = "Xcode 3.2";
			developmentRegion = English;
			hasScannedForEncodings = 0;
			knownRegions = (
				en,
			);
			mainGroup = B12D4E941BCEE93700C41397;
			projectDirPath = "";
			projectRoot = "";
			targets = (
				B12D4E991BCEE93700C41397 /* Main */,
				B149B6051BCFD18100B51CC5 /* ExportToJar */,
			);
		};
/* End PBXProject section */

/* Begin XCBuildConfiguration section */
		B12D4E9A1BCEE93700C41397 /* Debug */ = {
			isa = XCBuildConfiguration;
			buildSettings = {
				ALWAYS_SEARCH_USER_PATHS = NO;
				CLANG_CXX_LANGUAGE_STANDARD = "gnu++0x";
				CLANG_CXX_LIBRARY = "libc++";
				CLANG_ENABLE_MODULES = YES;
				CLANG_ENABLE_OBJC_ARC = YES;
				CLANG_WARN_BOOL_CONVERSION = YES;
				CLANG_WARN_CONSTANT_CONVERSION = YES;
				CLANG_WARN_DIRECT_OBJC_ISA_USAGE = YES_ERROR;
				CLANG_WARN_EMPTY_BODY = YES;
				CLANG_WARN_ENUM_CONVERSION = YES;
				CLANG_WARN_INT_CONVERSION = YES;
				CLANG_WARN_OBJC_ROOT_CLASS = YES_ERROR;
				CLANG_WARN_UNREACHABLE_CODE = YES;
				CLANG_WARN__DUPLICATE_METHOD_MATCH = YES;
				COPY_PHASE_STRIP = NO;
				DEBUG_INFORMATION_FORMAT = dwarf;
				ENABLE_STRICT_OBJC_MSGSEND = YES;
				ENABLE_TESTABILITY = YES;
				GCC_C_LANGUAGE_STANDARD = gnu99;
				GCC_DYNAMIC_NO_PIC = NO;
				GCC_NO_COMMON_BLOCKS = YES;
				GCC_OPTIMIZATION_LEVEL = 0;
				GCC_PREPROCESSOR_DEFINITIONS = (
					"DEBUG=1",
					"$(inherited)",
				);
				GCC_WARN_64_TO_32_BIT_CONVERSION = YES;
				GCC_WARN_ABOUT_RETURN_TYPE = YES_ERROR;
				GCC_WARN_UNDECLARED_SELECTOR = YES;
				GCC_WARN_UNINITIALIZED_AUTOS = YES_AGGRESSIVE;
				GCC_WARN_UNUSED_FUNCTION = YES;
				GCC_WARN_UNUSED_VARIABLE = YES;
				MTL_ENABLE_DEBUG_INFO = YES;
				ONLY_ACTIVE_ARCH = YES;
			};
			name = Debug;
		};
		B12D4E9B1BCEE93700C41397 /* Release */ = {
			isa = XCBuildConfiguration;
			buildSettings = {
				ALWAYS_SEARCH_USER_PATHS = NO;
				CLANG_CXX_LANGUAGE_STANDARD = "gnu++0x";
				CLANG_CXX_LIBRARY = "libc++";
				CLANG_ENABLE_MODULES = YES;
				CLANG_ENABLE_OBJC_ARC = YES;
				CLANG_WARN_BOOL_CONVERSION = YES;
				CLANG_WARN_CONSTANT_CONVERSION = YES;
				CLANG_WARN_DIRECT_OBJC_ISA_USAGE = YES_ERROR;
				CLANG_WARN_EMPTY_BODY = YES;
				CLANG_WARN_ENUM_CONVERSION = YES;
				CLANG_WARN_INT_CONVERSION = YES;
				CLANG_WARN_OBJC_ROOT_CLASS = YES_ERROR;
				CLANG_WARN_UNREACHABLE_CODE = YES;
				CLANG_WARN__DUPLICATE_METHOD_MATCH = YES;
				COPY_PHASE_STRIP = NO;
				DEBUG_INFORMATION_FORMAT = "dwarf-with-dsym";
				ENABLE_NS_ASSERTIONS = NO;
				ENABLE_STRICT_OBJC_MSGSEND = YES;
				GCC_C_LANGUAGE_STANDARD = gnu99;
				GCC_NO_COMMON_BLOCKS = YES;
				GCC_WARN_64_TO_32_BIT_CONVERSION = YES;
				GCC_WARN_ABOUT_RETURN_TYPE = YES_ERROR;
				GCC_WARN_UNDECLARED_SELECTOR = YES;
				GCC_WARN_UNINITIALIZED_AUTOS = YES_AGGRESSIVE;
				GCC_WARN_UNUSED_FUNCTION = YES;
				GCC_WARN_UNUSED_VARIABLE = YES;
				MTL_ENABLE_DEBUG_INFO = NO;
			};
			name = Release;
		};
		B12D4E9D1BCEE93700C41397 /* Debug */ = {
			isa = XCBuildConfiguration;
			buildSettings = {
				DEBUGGING_SYMBOLS = YES;
				DEBUG_INFORMATION_FORMAT = dwarf;
				GCC_GENERATE_DEBUGGING_SYMBOLS = YES;
				GCC_OPTIMIZATION_LEVEL = 0;
				OTHER_CFLAGS = "";
				OTHER_LDFLAGS = "";
				PRODUCT_NAME = "$(TARGET_NAME)";
			};
			name = Debug;
		};
		B12D4E9E1BCEE93700C41397 /* Release */ = {
			isa = XCBuildConfiguration;
			buildSettings = {
				DEBUG_INFORMATION_FORMAT = "dwarf-with-dsym";
				OTHER_CFLAGS = "";
				OTHER_LDFLAGS = "";
				PRODUCT_NAME = "$(TARGET_NAME)";
			};
			name = Release;
		};
		B149B6071BCFD18100B51CC5 /* Debug */ = {
			isa = XCBuildConfiguration;
			buildSettings = {
				DEBUGGING_SYMBOLS = YES;
				DEBUG_INFORMATION_FORMAT = dwarf;
				GCC_GENERATE_DEBUGGING_SYMBOLS = YES;
				GCC_OPTIMIZATION_LEVEL = 0;
				OTHER_CFLAGS = "";
				OTHER_LDFLAGS = "";
				PRODUCT_NAME = "$(TARGET_NAME)";
			};
			name = Debug;
		};
		B149B6081BCFD18100B51CC5 /* Release */ = {
			isa = XCBuildConfiguration;
			buildSettings = {
				DEBUG_INFORMATION_FORMAT = "dwarf-with-dsym";
				OTHER_CFLAGS = "";
				OTHER_LDFLAGS = "";
				PRODUCT_NAME = "$(TARGET_NAME)";
			};
			name = Release;
		};
/* End XCBuildConfiguration section */

/* Begin XCConfigurationList section */
		B12D4E981BCEE93700C41397 /* Build configuration list for PBXProject "Java Project" */ = {
			isa = XCConfigurationList;
			buildConfigurations = (
				B12D4E9A1BCEE93700C41397 /* Debug */,
				B12D4E9B1BCEE93700C41397 /* Release */,
			);
			defaultConfigurationIsVisible = 0;
			defaultConfigurationName = Release;
		};
		B12D4E9C1BCEE93700C41397 /* Build configuration list for PBXLegacyTarget "Main" */ = {
			isa = XCConfigurationList;
			buildConfigurations = (
				B12D4E9D1BCEE93700C41397 /* Debug */,
				B12D4E9E1BCEE93700C41397 /* Release */,
			);
			defaultConfigurationIsVisible = 0;
			defaultConfigurationName = Release;
		};
		B149B6061BCFD18100B51CC5 /* Build configuration list for PBXLegacyTarget "ExportToJar" */ = {
			isa = XCConfigurationList;
			buildConfigurations = (
				B149B6071BCFD18100B51CC5 /* Debug */,
				B149B6081BCFD18100B51CC5 /* Release */,
			);
			defaultConfigurationIsVisible = 0;
			defaultConfigurationName = Release;
		};
/* End XCConfigurationList section */
	};
	rootObject = B12D4E951BCEE93700C41397 /* Project object */;
}
